
Microsoft Visual Studio Solution File, Format Version 12.00
# Visual Studio Version 17
VisualStudioVersion = 17.0.31903.59
MinimumVisualStudioVersion = 10.0.40219.1
Project("{FAE04EC0-301F-11D3-BF4B-00C04F79EFBC}") = "Emulator", "Emulator\Emulator.csproj", "{BD4BA6B4-3D41-4F99-81C3-0EE46A0F4E48}"
EndProject
Project("{FAE04EC0-301F-11D3-BF4B-00C04F79EFBC}") = "CustomTypes", "CustomTypes\CustomTypes.csproj", "{6E53C804-A9FA-4F5A-B89C-DA500BA55D85}"
EndProject
Project("{FAE04EC0-301F-11D3-BF4B-00C04F79EFBC}") = "pixelgraph", "pixelgraph\pixelgraph.csproj", "{7D29FEC0-CE6F-4CC1-AE9F-B82F7A595F9B}"
EndProject
Project("{2150E333-8FDC-42A3-9474-1A3956D46DE8}") = "src", "src", "{827E0CD3-B72D-47B6-A68D-7590B98EB39B}"
EndProject
Project("{FAE04EC0-301F-11D3-BF4B-00C04F79EFBC}") = "Chips", "src\Chips\Chips.csproj", "{EB3AF991-0C46-4306-8316-CA25AC407976}"
EndProject
Project("{FAE04EC0-301F-11D3-BF4B-00C04F79EFBC}") = "Components", "src\Components\Components.csproj", "{40D39E23-B7A3-430D-8271-1B22A4E7B760}"
EndProject
Project("{FAE04EC0-301F-11D3-BF4B-00C04F79EFBC}") = "Helpers", "src\Helpers\Helpers.csproj", "{19712B44-90D7-4C95-A75F-D47B58FE58A1}"
EndProject
Project("{FAE04EC0-301F-11D3-BF4B-00C04F79EFBC}") = "Interfaces", "src\Interfaces\Interfaces.csproj", "{A473579F-F910-43B9-A987-2FF15A76E490}"
EndProject
Project("{FAE04EC0-301F-11D3-BF4B-00C04F79EFBC}") = "Mappers", "src\Mappers\Mappers.csproj", "{A62992DA-EFD7-48F4-8236-B1857331E88B}"
EndProject
Project("{FAE04EC0-301F-11D3-BF4B-00C04F79EFBC}") = "OpCodes", "src\OpCodes\OpCodes.csproj", "{0C494002-0164-49EA-8C8A-B6659B746A61}"
EndProject
Project("{FAE04EC0-301F-11D3-BF4B-00C04F79EFBC}") = "AddressingModes", "src\AddressingModes\AddressingModes.csproj", "{83A09AAB-15EB-413E-8CCF-4A6A9A66A3F2}"
EndProject
Project("{FAE04EC0-301F-11D3-BF4B-00C04F79EFBC}") = "DebugTools", "src\DebugTools\DebugTools.csproj", "{9A68E3D4-EC49-4391-89D8-67420C524D43}"
EndProject
Project("{2150E333-8FDC-42A3-9474-1A3956D46DE8}") = "UI", "UI", "{BBB7B94B-6E11-D9F1-7BA6-9ECA82DB22BF}"
EndProject
Project("{FAE04EC0-301F-11D3-BF4B-00C04F79EFBC}") = "PixelGraph", "src\UI\PixelGraph\PixelGraph.csproj", "{1520849E-AC54-41BB-9E7C-00DC5DF1C02C}"
EndProject
Global
	GlobalSection(SolutionConfigurationPlatforms) = preSolution
		Debug|Any CPU = Debug|Any CPU
		Debug|x64 = Debug|x64
		Debug|x86 = Debug|x86
		Release|Any CPU = Release|Any CPU
		Release|x64 = Release|x64
		Release|x86 = Release|x86
	EndGlobalSection
	GlobalSection(ProjectConfigurationPlatforms) = postSolution
		{7D29FEC0-CE6F-4CC1-AE9F-B82F7A595F9B}.Debug|Any CPU.ActiveCfg = Debug|Any CPU
		{7D29FEC0-CE6F-4CC1-AE9F-B82F7A595F9B}.Debug|Any CPU.Build.0 = Debug|Any CPU
		{7D29FEC0-CE6F-4CC1-AE9F-B82F7A595F9B}.Debug|x64.ActiveCfg = Debug|Any CPU
		{7D29FEC0-CE6F-4CC1-AE9F-B82F7A595F9B}.Debug|x64.Build.0 = Debug|Any CPU
		{7D29FEC0-CE6F-4CC1-AE9F-B82F7A595F9B}.Debug|x86.ActiveCfg = Debug|Any CPU
		{7D29FEC0-CE6F-4CC1-AE9F-B82F7A595F9B}.Debug|x86.Build.0 = Debug|Any CPU
		{7D29FEC0-CE6F-4CC1-AE9F-B82F7A595F9B}.Release|Any CPU.ActiveCfg = Release|Any CPU
		{7D29FEC0-CE6F-4CC1-AE9F-B82F7A595F9B}.Release|Any CPU.Build.0 = Release|Any CPU
		{7D29FEC0-CE6F-4CC1-AE9F-B82F7A595F9B}.Release|x64.ActiveCfg = Release|Any CPU
		{7D29FEC0-CE6F-4CC1-AE9F-B82F7A595F9B}.Release|x64.Build.0 = Release|Any CPU
		{7D29FEC0-CE6F-4CC1-AE9F-B82F7A595F9B}.Release|x86.ActiveCfg = Release|Any CPU
		{7D29FEC0-CE6F-4CC1-AE9F-B82F7A595F9B}.Release|x86.Build.0 = Release|Any CPU
		{EB3AF991-0C46-4306-8316-CA25AC407976}.Debug|Any CPU.ActiveCfg = Debug|Any CPU
		{EB3AF991-0C46-4306-8316-CA25AC407976}.Debug|Any CPU.Build.0 = Debug|Any CPU
		{EB3AF991-0C46-4306-8316-CA25AC407976}.Debug|x64.ActiveCfg = Debug|Any CPU
		{EB3AF991-0C46-4306-8316-CA25AC407976}.Debug|x64.Build.0 = Debug|Any CPU
		{EB3AF991-0C46-4306-8316-CA25AC407976}.Debug|x86.ActiveCfg = Debug|Any CPU
		{EB3AF991-0C46-4306-8316-CA25AC407976}.Debug|x86.Build.0 = Debug|Any CPU
		{EB3AF991-0C46-4306-8316-CA25AC407976}.Release|Any CPU.ActiveCfg = Release|Any CPU
		{EB3AF991-0C46-4306-8316-CA25AC407976}.Release|Any CPU.Build.0 = Release|Any CPU
		{EB3AF991-0C46-4306-8316-CA25AC407976}.Release|x64.ActiveCfg = Release|Any CPU
		{EB3AF991-0C46-4306-8316-CA25AC407976}.Release|x64.Build.0 = Release|Any CPU
		{EB3AF991-0C46-4306-8316-CA25AC407976}.Release|x86.ActiveCfg = Release|Any CPU
		{EB3AF991-0C46-4306-8316-CA25AC407976}.Release|x86.Build.0 = Release|Any CPU
		{40D39E23-B7A3-430D-8271-1B22A4E7B760}.Debug|Any CPU.ActiveCfg = Debug|Any CPU
		{40D39E23-B7A3-430D-8271-1B22A4E7B760}.Debug|Any CPU.Build.0 = Debug|Any CPU
		{40D39E23-B7A3-430D-8271-1B22A4E7B760}.Debug|x64.ActiveCfg = Debug|Any CPU
		{40D39E23-B7A3-430D-8271-1B22A4E7B760}.Debug|x64.Build.0 = Debug|Any CPU
		{40D39E23-B7A3-430D-8271-1B22A4E7B760}.Debug|x86.ActiveCfg = Debug|Any CPU
		{40D39E23-B7A3-430D-8271-1B22A4E7B760}.Debug|x86.Build.0 = Debug|Any CPU
		{40D39E23-B7A3-430D-8271-1B22A4E7B760}.Release|Any CPU.ActiveCfg = Release|Any CPU
		{40D39E23-B7A3-430D-8271-1B22A4E7B760}.Release|Any CPU.Build.0 = Release|Any CPU
		{40D39E23-B7A3-430D-8271-1B22A4E7B760}.Release|x64.ActiveCfg = Release|Any CPU
		{40D39E23-B7A3-430D-8271-1B22A4E7B760}.Release|x64.Build.0 = Release|Any CPU
		{40D39E23-B7A3-430D-8271-1B22A4E7B760}.Release|x86.ActiveCfg = Release|Any CPU
		{40D39E23-B7A3-430D-8271-1B22A4E7B760}.Release|x86.Build.0 = Release|Any CPU
		{19712B44-90D7-4C95-A75F-D47B58FE58A1}.Debug|Any CPU.ActiveCfg = Debug|Any CPU
		{19712B44-90D7-4C95-A75F-D47B58FE58A1}.Debug|Any CPU.Build.0 = Debug|Any CPU
		{19712B44-90D7-4C95-A75F-D47B58FE58A1}.Debug|x64.ActiveCfg = Debug|Any CPU
		{19712B44-90D7-4C95-A75F-D47B58FE58A1}.Debug|x64.Build.0 = Debug|Any CPU
		{19712B44-90D7-4C95-A75F-D47B58FE58A1}.Debug|x86.ActiveCfg = Debug|Any CPU
		{19712B44-90D7-4C95-A75F-D47B58FE58A1}.Debug|x86.Build.0 = Debug|Any CPU
		{19712B44-90D7-4C95-A75F-D47B58FE58A1}.Release|Any CPU.ActiveCfg = Release|Any CPU
		{19712B44-90D7-4C95-A75F-D47B58FE58A1}.Release|Any CPU.Build.0 = Release|Any CPU
		{19712B44-90D7-4C95-A75F-D47B58FE58A1}.Release|x64.ActiveCfg = Release|Any CPU
		{19712B44-90D7-4C95-A75F-D47B58FE58A1}.Release|x64.Build.0 = Release|Any CPU
		{19712B44-90D7-4C95-A75F-D47B58FE58A1}.Release|x86.ActiveCfg = Release|Any CPU
		{19712B44-90D7-4C95-A75F-D47B58FE58A1}.Release|x86.Build.0 = Release|Any CPU
		{A473579F-F910-43B9-A987-2FF15A76E490}.Debug|Any CPU.ActiveCfg = Debug|Any CPU
		{A473579F-F910-43B9-A987-2FF15A76E490}.Debug|Any CPU.Build.0 = Debug|Any CPU
		{A473579F-F910-43B9-A987-2FF15A76E490}.Debug|x64.ActiveCfg = Debug|Any CPU
		{A473579F-F910-43B9-A987-2FF15A76E490}.Debug|x64.Build.0 = Debug|Any CPU
		{A473579F-F910-43B9-A987-2FF15A76E490}.Debug|x86.ActiveCfg = Debug|Any CPU
		{A473579F-F910-43B9-A987-2FF15A76E490}.Debug|x86.Build.0 = Debug|Any CPU
		{A473579F-F910-43B9-A987-2FF15A76E490}.Release|Any CPU.ActiveCfg = Release|Any CPU
		{A473579F-F910-43B9-A987-2FF15A76E490}.Release|Any CPU.Build.0 = Release|Any CPU
		{A473579F-F910-43B9-A987-2FF15A76E490}.Release|x64.ActiveCfg = Release|Any CPU
		{A473579F-F910-43B9-A987-2FF15A76E490}.Release|x64.Build.0 = Release|Any CPU
		{A473579F-F910-43B9-A987-2FF15A76E490}.Release|x86.ActiveCfg = Release|Any CPU
		{A473579F-F910-43B9-A987-2FF15A76E490}.Release|x86.Build.0 = Release|Any CPU
		{A62992DA-EFD7-48F4-8236-B1857331E88B}.Debug|Any CPU.ActiveCfg = Debug|Any CPU
		{A62992DA-EFD7-48F4-8236-B1857331E88B}.Debug|Any CPU.Build.0 = Debug|Any CPU
		{A62992DA-EFD7-48F4-8236-B1857331E88B}.Debug|x64.ActiveCfg = Debug|Any CPU
		{A62992DA-EFD7-48F4-8236-B1857331E88B}.Debug|x64.Build.0 = Debug|Any CPU
		{A62992DA-EFD7-48F4-8236-B1857331E88B}.Debug|x86.ActiveCfg = Debug|Any CPU
		{A62992DA-EFD7-48F4-8236-B1857331E88B}.Debug|x86.Build.0 = Debug|Any CPU
		{A62992DA-EFD7-48F4-8236-B1857331E88B}.Release|Any CPU.ActiveCfg = Release|Any CPU
		{A62992DA-EFD7-48F4-8236-B1857331E88B}.Release|Any CPU.Build.0 = Release|Any CPU
		{A62992DA-EFD7-48F4-8236-B1857331E88B}.Release|x64.ActiveCfg = Release|Any CPU
		{A62992DA-EFD7-48F4-8236-B1857331E88B}.Release|x64.Build.0 = Release|Any CPU
		{A62992DA-EFD7-48F4-8236-B1857331E88B}.Release|x86.ActiveCfg = Release|Any CPU
		{A62992DA-EFD7-48F4-8236-B1857331E88B}.Release|x86.Build.0 = Release|Any CPU
		{0C494002-0164-49EA-8C8A-B6659B746A61}.Debug|Any CPU.ActiveCfg = Debug|Any CPU
		{0C494002-0164-49EA-8C8A-B6659B746A61}.Debug|Any CPU.Build.0 = Debug|Any CPU
		{0C494002-0164-49EA-8C8A-B6659B746A61}.Debug|x64.ActiveCfg = Debug|Any CPU
		{0C494002-0164-49EA-8C8A-B6659B746A61}.Debug|x64.Build.0 = Debug|Any CPU
		{0C494002-0164-49EA-8C8A-B6659B746A61}.Debug|x86.ActiveCfg = Debug|Any CPU
		{0C494002-0164-49EA-8C8A-B6659B746A61}.Debug|x86.Build.0 = Debug|Any CPU
		{0C494002-0164-49EA-8C8A-B6659B746A61}.Release|Any CPU.ActiveCfg = Release|Any CPU
		{0C494002-0164-49EA-8C8A-B6659B746A61}.Release|Any CPU.Build.0 = Release|Any CPU
		{0C494002-0164-49EA-8C8A-B6659B746A61}.Release|x64.ActiveCfg = Release|Any CPU
		{0C494002-0164-49EA-8C8A-B6659B746A61}.Release|x64.Build.0 = Release|Any CPU
		{0C494002-0164-49EA-8C8A-B6659B746A61}.Release|x86.ActiveCfg = Release|Any CPU
		{0C494002-0164-49EA-8C8A-B6659B746A61}.Release|x86.Build.0 = Release|Any CPU
		{83A09AAB-15EB-413E-8CCF-4A6A9A66A3F2}.Debug|Any CPU.ActiveCfg = Debug|Any CPU
		{83A09AAB-15EB-413E-8CCF-4A6A9A66A3F2}.Debug|Any CPU.Build.0 = Debug|Any CPU
		{83A09AAB-15EB-413E-8CCF-4A6A9A66A3F2}.Debug|x64.ActiveCfg = Debug|Any CPU
		{83A09AAB-15EB-413E-8CCF-4A6A9A66A3F2}.Debug|x64.Build.0 = Debug|Any CPU
		{83A09AAB-15EB-413E-8CCF-4A6A9A66A3F2}.Debug|x86.ActiveCfg = Debug|Any CPU
		{83A09AAB-15EB-413E-8CCF-4A6A9A66A3F2}.Debug|x86.Build.0 = Debug|Any CPU
		{83A09AAB-15EB-413E-8CCF-4A6A9A66A3F2}.Release|Any CPU.ActiveCfg = Release|Any CPU
		{83A09AAB-15EB-413E-8CCF-4A6A9A66A3F2}.Release|Any CPU.Build.0 = Release|Any CPU
		{83A09AAB-15EB-413E-8CCF-4A6A9A66A3F2}.Release|x64.ActiveCfg = Release|Any CPU
		{83A09AAB-15EB-413E-8CCF-4A6A9A66A3F2}.Release|x64.Build.0 = Release|Any CPU
		{83A09AAB-15EB-413E-8CCF-4A6A9A66A3F2}.Release|x86.ActiveCfg = Release|Any CPU
		{83A09AAB-15EB-413E-8CCF-4A6A9A66A3F2}.Release|x86.Build.0 = Release|Any CPU
		{9A68E3D4-EC49-4391-89D8-67420C524D43}.Debug|Any CPU.ActiveCfg = Debug|Any CPU
		{9A68E3D4-EC49-4391-89D8-67420C524D43}.Debug|Any CPU.Build.0 = Debug|Any CPU
		{9A68E3D4-EC49-4391-89D8-67420C524D43}.Debug|x64.ActiveCfg = Debug|Any CPU
		{9A68E3D4-EC49-4391-89D8-67420C524D43}.Debug|x64.Build.0 = Debug|Any CPU
		{9A68E3D4-EC49-4391-89D8-67420C524D43}.Debug|x86.ActiveCfg = Debug|Any CPU
		{9A68E3D4-EC49-4391-89D8-67420C524D43}.Debug|x86.Build.0 = Debug|Any CPU
		{9A68E3D4-EC49-4391-89D8-67420C524D43}.Release|Any CPU.ActiveCfg = Release|Any CPU
		{9A68E3D4-EC49-4391-89D8-67420C524D43}.Release|Any CPU.Build.0 = Release|Any CPU
		{9A68E3D4-EC49-4391-89D8-67420C524D43}.Release|x64.ActiveCfg = Release|Any CPU
		{9A68E3D4-EC49-4391-89D8-67420C524D43}.Release|x64.Build.0 = Release|Any CPU
		{9A68E3D4-EC49-4391-89D8-67420C524D43}.Release|x86.ActiveCfg = Release|Any CPU
		{9A68E3D4-EC49-4391-89D8-67420C524D43}.Release|x86.Build.0 = Release|Any CPU
		{1520849E-AC54-41BB-9E7C-00DC5DF1C02C}.Debug|Any CPU.ActiveCfg = Debug|Any CPU
		{1520849E-AC54-41BB-9E7C-00DC5DF1C02C}.Debug|Any CPU.Build.0 = Debug|Any CPU
		{1520849E-AC54-41BB-9E7C-00DC5DF1C02C}.Debug|x64.ActiveCfg = Debug|Any CPU
		{1520849E-AC54-41BB-9E7C-00DC5DF1C02C}.Debug|x64.Build.0 = Debug|Any CPU
		{1520849E-AC54-41BB-9E7C-00DC5DF1C02C}.Debug|x86.ActiveCfg = Debug|Any CPU
		{1520849E-AC54-41BB-9E7C-00DC5DF1C02C}.Debug|x86.Build.0 = Debug|Any CPU
		{1520849E-AC54-41BB-9E7C-00DC5DF1C02C}.Release|Any CPU.ActiveCfg = Release|Any CPU
		{1520849E-AC54-41BB-9E7C-00DC5DF1C02C}.Release|Any CPU.Build.0 = Release|Any CPU
		{1520849E-AC54-41BB-9E7C-00DC5DF1C02C}.Release|x64.ActiveCfg = Release|Any CPU
		{1520849E-AC54-41BB-9E7C-00DC5DF1C02C}.Release|x64.Build.0 = Release|Any CPU
		{1520849E-AC54-41BB-9E7C-00DC5DF1C02C}.Release|x86.ActiveCfg = Release|Any CPU
		{1520849E-AC54-41BB-9E7C-00DC5DF1C02C}.Release|x86.Build.0 = Release|Any CPU
	EndGlobalSection
	GlobalSection(SolutionProperties) = preSolution
		HideSolutionNode = FALSE
	EndGlobalSection
	GlobalSection(NestedProjects) = preSolution
		{EB3AF991-0C46-4306-8316-CA25AC407976} = {827E0CD3-B72D-47B6-A68D-7590B98EB39B}
		{40D39E23-B7A3-430D-8271-1B22A4E7B760} = {827E0CD3-B72D-47B6-A68D-7590B98EB39B}
		{19712B44-90D7-4C95-A75F-D47B58FE58A1} = {827E0CD3-B72D-47B6-A68D-7590B98EB39B}
		{A473579F-F910-43B9-A987-2FF15A76E490} = {827E0CD3-B72D-47B6-A68D-7590B98EB39B}
		{A62992DA-EFD7-48F4-8236-B1857331E88B} = {827E0CD3-B72D-47B6-A68D-7590B98EB39B}
		{0C494002-0164-49EA-8C8A-B6659B746A61} = {827E0CD3-B72D-47B6-A68D-7590B98EB39B}
		{83A09AAB-15EB-413E-8CCF-4A6A9A66A3F2} = {827E0CD3-B72D-47B6-A68D-7590B98EB39B}
		{9A68E3D4-EC49-4391-89D8-67420C524D43} = {827E0CD3-B72D-47B6-A68D-7590B98EB39B}
		{BBB7B94B-6E11-D9F1-7BA6-9ECA82DB22BF} = {827E0CD3-B72D-47B6-A68D-7590B98EB39B}
		{1520849E-AC54-41BB-9E7C-00DC5DF1C02C} = {BBB7B94B-6E11-D9F1-7BA6-9ECA82DB22BF}
	EndGlobalSection
EndGlobal
